
Microsoft Visual Studio Solution File, Format Version 12.00
# Visual Studio Version 17
VisualStudioVersion = 17.5.002.0
MinimumVisualStudioVersion = 10.0.40219.1
Project("{9A19103F-16F7-4668-BE54-9A1E7A4F7556}") = "Iron Ninja", "Iron Ninja.csproj", "{C1F23B2E-4FFB-4E47-B252-F2D0D3C48B25}"
EndProject
Global
	GlobalSection(SolutionConfigurationPlatforms) = preSolution
		Debug|Any CPU = Debug|Any CPU
		Release|Any CPU = Release|Any CPU
	EndGlobalSection
	GlobalSection(ProjectConfigurationPlatforms) = postSolution
		{C1F23B2E-4FFB-4E47-B252-F2D0D3C48B25}.Debug|Any CPU.ActiveCfg = Debug|Any CPU
		{C1F23B2E-4FFB-4E47-B252-F2D0D3C48B25}.Debug|Any CPU.Build.0 = Debug|Any CPU
		{C1F23B2E-4FFB-4E47-B252-F2D0D3C48B25}.Release|Any CPU.ActiveCfg = Release|Any CPU
		{C1F23B2E-4FFB-4E47-B252-F2D0D3C48B25}.Release|Any CPU.Build.0 = Release|Any CPU
	EndGlobalSection
	GlobalSection(SolutionProperties) = preSolution
		HideSolutionNode = FALSE
	EndGlobalSection
	GlobalSection(ExtensibilityGlobals) = postSolution
		SolutionGuid = {64C2B70F-48F4-48DC-B82A-6E2B6D8A75B8}
	EndGlobalSection
EndGlobal
